
Microsoft Visual Studio Solution File, Format Version 12.00
# Visual Studio Version 17
VisualStudioVersion = 17.8.34525.116
MinimumVisualStudioVersion = 10.0.40219.1
Project("{FAE04EC0-301F-11D3-BF4B-00C04F79EFBC}") = "WebApiDemo", "WebApiDemo\WebApiDemo.csproj", "{875FD6A1-5951-45D4-90AE-F038B1B8A8C8}"
EndProject
Global
	GlobalSection(SolutionConfigurationPlatforms) = preSolution
		Debug|Any CPU = Debug|Any CPU
		Release|Any CPU = Release|Any CPU
	EndGlobalSection
	GlobalSection(ProjectConfigurationPlatforms) = postSolution
		{875FD6A1-5951-45D4-90AE-F038B1B8A8C8}.Debug|Any CPU.ActiveCfg = Debug|Any CPU
		{875FD6A1-5951-45D4-90AE-F038B1B8A8C8}.Debug|Any CPU.Build.0 = Debug|Any CPU
		{875FD6A1-5951-45D4-90AE-F038B1B8A8C8}.Release|Any CPU.ActiveCfg = Release|Any CPU
		{875FD6A1-5951-45D4-90AE-F038B1B8A8C8}.Release|Any CPU.Build.0 = Release|Any CPU
	EndGlobalSection
	GlobalSection(SolutionProperties) = preSolution
		HideSolutionNode = FALSE
	EndGlobalSection
	GlobalSection(ExtensibilityGlobals) = postSolution
		SolutionGuid = {B843A4CF-E052-4C53-B1B2-75E2A97EFA6D}
	EndGlobalSection
EndGlobal
